// !$*UTF8*$!
{
	archiveVersion = 1;
	classes = {
	};
	objectVersion = 55;
	objects = {

/* Begin PBXBuildFile section */
		CC07DB892865644B0000265C /* SanitizeItemName.swift in Sources */ = {isa = PBXBuildFile; fileRef = CC07DB882865644B0000265C /* SanitizeItemName.swift */; };
		CC0CC8782872F8F4009C90C0 /* SplitBillView.swift in Sources */ = {isa = PBXBuildFile; fileRef = CC0CC8772872F8F4009C90C0 /* SplitBillView.swift */; };
		CC0CC87B2872FE13009C90C0 /* BillCreateView.swift in Sources */ = {isa = PBXBuildFile; fileRef = CC0CC87A2872FE13009C90C0 /* BillCreateView.swift */; };
		CC0CC87D287310CF009C90C0 /* MemberPaymentSliderView.swift in Sources */ = {isa = PBXBuildFile; fileRef = CC0CC87C287310CF009C90C0 /* MemberPaymentSliderView.swift */; };
		CC0CC87F28735677009C90C0 /* Bill.swift in Sources */ = {isa = PBXBuildFile; fileRef = CC0CC87E28735677009C90C0 /* Bill.swift */; };
		CC0CC8852874AD05009C90C0 /* ButtonStyle.swift in Sources */ = {isa = PBXBuildFile; fileRef = CC0CC8842874AD05009C90C0 /* ButtonStyle.swift */; };
		CC20BAA528692C320071B7A6 /* SideMenuView.swift in Sources */ = {isa = PBXBuildFile; fileRef = CC20BAA428692C320071B7A6 /* SideMenuView.swift */; };
		CC2D7E422872CF9D00D97641 /* SideMenuActions.swift in Sources */ = {isa = PBXBuildFile; fileRef = CC2D7E412872CF9D00D97641 /* SideMenuActions.swift */; };
		CC30AD8E2870685700355C1A /* AppleLoginHashing.swift in Sources */ = {isa = PBXBuildFile; fileRef = CC30AD8D2870685700355C1A /* AppleLoginHashing.swift */; };
		CC54100828657DE70026CA76 /* RoomJoinRequestView.swift in Sources */ = {isa = PBXBuildFile; fileRef = CC54100728657DE70026CA76 /* RoomJoinRequestView.swift */; };
		CC54100A286589060026CA76 /* RoomRequest.swift in Sources */ = {isa = PBXBuildFile; fileRef = CC541009286589060026CA76 /* RoomRequest.swift */; };
		CC5D2657286BBEA40068800E /* RoomChatView.swift in Sources */ = {isa = PBXBuildFile; fileRef = CC5D2656286BBEA40068800E /* RoomChatView.swift */; };
		CC5D265A286BC11F0068800E /* Message.swift in Sources */ = {isa = PBXBuildFile; fileRef = CC5D2659286BC11F0068800E /* Message.swift */; };
		CC5D265C286BC1E80068800E /* MessageBubbleView.swift in Sources */ = {isa = PBXBuildFile; fileRef = CC5D265B286BC1E80068800E /* MessageBubbleView.swift */; };
		CC5D265E286BD4780068800E /* MessageField.swift in Sources */ = {isa = PBXBuildFile; fileRef = CC5D265D286BD4780068800E /* MessageField.swift */; };
		CC5D2660286BDDBB0068800E /* MessageManager.swift in Sources */ = {isa = PBXBuildFile; fileRef = CC5D265F286BDDBB0068800E /* MessageManager.swift */; };
		CC655B3C287FEE33002B08E0 /* NotificationBannerSwift in Frameworks */ = {isa = PBXBuildFile; productRef = CC655B3B287FEE33002B08E0 /* NotificationBannerSwift */; };
		CC655B3F287FEEC0002B08E0 /* FirebaseAnalytics in Frameworks */ = {isa = PBXBuildFile; productRef = CC655B3E287FEEC0002B08E0 /* FirebaseAnalytics */; };
		CC655B41287FEEC0002B08E0 /* FirebaseAuth in Frameworks */ = {isa = PBXBuildFile; productRef = CC655B40287FEEC0002B08E0 /* FirebaseAuth */; };
		CC655B43287FEEC0002B08E0 /* FirebaseFirestore in Frameworks */ = {isa = PBXBuildFile; productRef = CC655B42287FEEC0002B08E0 /* FirebaseFirestore */; };
		CC655B45287FEEC0002B08E0 /* FirebaseFirestoreSwift in Frameworks */ = {isa = PBXBuildFile; productRef = CC655B44287FEEC0002B08E0 /* FirebaseFirestoreSwift */; };
		CC655B47287FEEC0002B08E0 /* FirebaseMessaging in Frameworks */ = {isa = PBXBuildFile; productRef = CC655B46287FEEC0002B08E0 /* FirebaseMessaging */; };
		CC655B49287FEEC0002B08E0 /* FirebaseStorage in Frameworks */ = {isa = PBXBuildFile; productRef = CC655B48287FEEC0002B08E0 /* FirebaseStorage */; };
		CC655B5B287FEF06002B08E0 /* FirebaseAnalyticsSwift in Frameworks */ = {isa = PBXBuildFile; productRef = CC655B5A287FEF06002B08E0 /* FirebaseAnalyticsSwift */; };
		CC655B5D287FF0C8002B08E0 /* ItemManager.swift in Sources */ = {isa = PBXBuildFile; fileRef = CC655B5C287FF0C8002B08E0 /* ItemManager.swift */; };
		CC6B512E2867B94C00531303 /* Launch Screen.storyboard in Resources */ = {isa = PBXBuildFile; fileRef = CC6B512D2867B94C00531303 /* Launch Screen.storyboard */; };
		CC6B51302867E84700531303 /* RoomInviteView.swift in Sources */ = {isa = PBXBuildFile; fileRef = CC6B512F2867E84700531303 /* RoomInviteView.swift */; };
		CC6B51322867F5D800531303 /* UserService.swift in Sources */ = {isa = PBXBuildFile; fileRef = CC6B51312867F5D800531303 /* UserService.swift */; };
		CC6B5134286811ED00531303 /* AssetName.swift in Sources */ = {isa = PBXBuildFile; fileRef = CC6B5133286811ED00531303 /* AssetName.swift */; };
		CC6B513628681C0100531303 /* ItemEditView.swift in Sources */ = {isa = PBXBuildFile; fileRef = CC6B513528681C0100531303 /* ItemEditView.swift */; };
		CC6C0D91286A159600F2011A /* GroupMemberInfoView.swift in Sources */ = {isa = PBXBuildFile; fileRef = CC6C0D90286A159600F2011A /* GroupMemberInfoView.swift */; };
		CC6C0D9F286A688900F2011A /* ProfilePageView.swift in Sources */ = {isa = PBXBuildFile; fileRef = CC6C0D9E286A688900F2011A /* ProfilePageView.swift */; };
		CC6E154E28599E3100C29C45 /* GoogleService-Info.plist in Resources */ = {isa = PBXBuildFile; fileRef = CC6E154D28599E3100C29C45 /* GoogleService-Info.plist */; };
		CC71D7272865AEEA00E62F5B /* RoomRequestComponentView.swift in Sources */ = {isa = PBXBuildFile; fileRef = CC71D7262865AEEA00E62F5B /* RoomRequestComponentView.swift */; };
		CC8782C428640DAA00CDEEAB /* ItemCreateView.swift in Sources */ = {isa = PBXBuildFile; fileRef = CC8782C328640DAA00CDEEAB /* ItemCreateView.swift */; };
		CC9FA7A9285E9D7C00EF896D /* RoomListView.swift in Sources */ = {isa = PBXBuildFile; fileRef = CC9FA7A8285E9D7C00EF896D /* RoomListView.swift */; };
		CC9FA7AB285E9E9A00EF896D /* Room.swift in Sources */ = {isa = PBXBuildFile; fileRef = CC9FA7AA285E9E9A00EF896D /* Room.swift */; };
		CC9FA7AD285EB90800EF896D /* RoomView.swift in Sources */ = {isa = PBXBuildFile; fileRef = CC9FA7AC285EB90800EF896D /* RoomView.swift */; };
		CC9FA7AF285ED09000EF896D /* RoomCreateView.swift in Sources */ = {isa = PBXBuildFile; fileRef = CC9FA7AE285ED09000EF896D /* RoomCreateView.swift */; };
		CCA3FA5B286D6FC80052F6B3 /* ForgotPasswordView.swift in Sources */ = {isa = PBXBuildFile; fileRef = CCA3FA5A286D6FC80052F6B3 /* ForgotPasswordView.swift */; };
		CCA3FA5E286D71790052F6B3 /* ForgotPasswordService.swift in Sources */ = {isa = PBXBuildFile; fileRef = CCA3FA5D286D71790052F6B3 /* ForgotPasswordService.swift */; };
		CCA3FA62286D71F50052F6B3 /* ForgotPasswordViewModel.swift in Sources */ = {isa = PBXBuildFile; fileRef = CCA3FA61286D71F50052F6B3 /* ForgotPasswordViewModel.swift */; };
		CCAF4203287A2DAA00ADAE99 /* RoomNameEditView.swift in Sources */ = {isa = PBXBuildFile; fileRef = CCAF4202287A2DAA00ADAE99 /* RoomNameEditView.swift */; };
		CCB3D46528812EA8000AAEAD /* BillManager.swift in Sources */ = {isa = PBXBuildFile; fileRef = CCB3D46428812EA8000AAEAD /* BillManager.swift */; };
		CCB4C3A228597A3200105C5C /* LeyaaApp.swift in Sources */ = {isa = PBXBuildFile; fileRef = CCB4C3A128597A3200105C5C /* LeyaaApp.swift */; };
		CCB4C3A428597A3200105C5C /* ContentView.swift in Sources */ = {isa = PBXBuildFile; fileRef = CCB4C3A328597A3200105C5C /* ContentView.swift */; };
		CCB4C3A628597A3400105C5C /* Assets.xcassets in Resources */ = {isa = PBXBuildFile; fileRef = CCB4C3A528597A3400105C5C /* Assets.xcassets */; };
		CCB4C3A928597A3400105C5C /* Preview Assets.xcassets in Resources */ = {isa = PBXBuildFile; fileRef = CCB4C3A828597A3400105C5C /* Preview Assets.xcassets */; };
		CCB4C3B328597B8100105C5C /* LoginView.swift in Sources */ = {isa = PBXBuildFile; fileRef = CCB4C3B228597B8100105C5C /* LoginView.swift */; };
		CCB4C3B528597B8C00105C5C /* RegistrationView.swift in Sources */ = {isa = PBXBuildFile; fileRef = CCB4C3B428597B8C00105C5C /* RegistrationView.swift */; };
		CCB4C3B92859804C00105C5C /* RoundedShape.swift in Sources */ = {isa = PBXBuildFile; fileRef = CCB4C3B82859804C00105C5C /* RoundedShape.swift */; };
		CCB4C3BB285988E600105C5C /* CustomInputField.swift in Sources */ = {isa = PBXBuildFile; fileRef = CCB4C3BA285988E600105C5C /* CustomInputField.swift */; };
		CCB4C3C028598C2500105C5C /* AuthHeaderView.swift in Sources */ = {isa = PBXBuildFile; fileRef = CCB4C3BF28598C2500105C5C /* AuthHeaderView.swift */; };
		CCBA416C285FC1F6000B3FE7 /* ItemView.swift in Sources */ = {isa = PBXBuildFile; fileRef = CCBA416B285FC1F6000B3FE7 /* ItemView.swift */; };
		CCBA417028601E53000B3FE7 /* Item.swift in Sources */ = {isa = PBXBuildFile; fileRef = CCBA416F28601E53000B3FE7 /* Item.swift */; };
		CCBEC8132874BA6200D78CE1 /* BillContributorView.swift in Sources */ = {isa = PBXBuildFile; fileRef = CCBEC8122874BA6200D78CE1 /* BillContributorView.swift */; };
		CCBEC817287502C000D78CE1 /* DetailedBillView.swift in Sources */ = {isa = PBXBuildFile; fileRef = CCBEC816287502C000D78CE1 /* DetailedBillView.swift */; };
		CCBEC81928750E1600D78CE1 /* UnitBill.swift in Sources */ = {isa = PBXBuildFile; fileRef = CCBEC81828750E1600D78CE1 /* UnitBill.swift */; };
		CCC655EE28605B24005D7D93 /* ItemSearchView.swift in Sources */ = {isa = PBXBuildFile; fileRef = CCC655ED28605B24005D7D93 /* ItemSearchView.swift */; };
		CCE4E81D286E91670026265E /* FreshCheckReminder.swift in Sources */ = {isa = PBXBuildFile; fileRef = CCE4E81C286E91670026265E /* FreshCheckReminder.swift */; };
		CCE52959287BDF31005C173C /* NotificationBanner.swift in Sources */ = {isa = PBXBuildFile; fileRef = CCE52958287BDF31005C173C /* NotificationBanner.swift */; };
		CCE5295C287BE93E005C173C /* payloadNotification.swift in Sources */ = {isa = PBXBuildFile; fileRef = CCE5295B287BE93E005C173C /* payloadNotification.swift */; };
		CCE52962287D041F005C173C /* secretKey.swift in Sources */ = {isa = PBXBuildFile; fileRef = CCE52961287D041F005C173C /* secretKey.swift */; };
		CCE52964287D2916005C173C /* PendingReminderView.swift in Sources */ = {isa = PBXBuildFile; fileRef = CCE52963287D2916005C173C /* PendingReminderView.swift */; };
		CCE52966287D2AB9005C173C /* PendingReminder.swift in Sources */ = {isa = PBXBuildFile; fileRef = CCE52965287D2AB9005C173C /* PendingReminder.swift */; };
		CCE52968287D4818005C173C /* PRCard.swift in Sources */ = {isa = PBXBuildFile; fileRef = CCE52967287D4818005C173C /* PRCard.swift */; };
		CCE5296A287D53CE005C173C /* PRManager.swift in Sources */ = {isa = PBXBuildFile; fileRef = CCE52969287D53CE005C173C /* PRManager.swift */; };
		CCFA96AA285A4EED0083D925 /* AuthViewModel.swift in Sources */ = {isa = PBXBuildFile; fileRef = CCFA96A9285A4EED0083D925 /* AuthViewModel.swift */; };
		CCFA96B2285A61130083D925 /* RoomListComponent.swift in Sources */ = {isa = PBXBuildFile; fileRef = CCFA96B1285A61130083D925 /* RoomListComponent.swift */; };
		CCFA96B8285A6B790083D925 /* User.swift in Sources */ = {isa = PBXBuildFile; fileRef = CCFA96B7285A6B790083D925 /* User.swift */; };
		CCFFA4CD286FE31A005332E1 /* PushNotificationService.swift in Sources */ = {isa = PBXBuildFile; fileRef = CCFFA4CC286FE31A005332E1 /* PushNotificationService.swift */; };
/* End PBXBuildFile section */

/* Begin PBXCopyFilesBuildPhase section */
		CC5C97FC286F08EA00D635B2 /* Embed App Extensions */ = {
			isa = PBXCopyFilesBuildPhase;
			buildActionMask = 2147483647;
			dstPath = "";
			dstSubfolderSpec = 13;
			files = (
			);
			name = "Embed App Extensions";
			runOnlyForDeploymentPostprocessing = 0;
		};
/* End PBXCopyFilesBuildPhase section */

/* Begin PBXFileReference section */
		CC07DB882865644B0000265C /* SanitizeItemName.swift */ = {isa = PBXFileReference; lastKnownFileType = sourcecode.swift; path = SanitizeItemName.swift; sourceTree = "<group>"; };
		CC0CC8772872F8F4009C90C0 /* SplitBillView.swift */ = {isa = PBXFileReference; lastKnownFileType = sourcecode.swift; path = SplitBillView.swift; sourceTree = "<group>"; };
		CC0CC87A2872FE13009C90C0 /* BillCreateView.swift */ = {isa = PBXFileReference; lastKnownFileType = sourcecode.swift; path = BillCreateView.swift; sourceTree = "<group>"; };
		CC0CC87C287310CF009C90C0 /* MemberPaymentSliderView.swift */ = {isa = PBXFileReference; lastKnownFileType = sourcecode.swift; path = MemberPaymentSliderView.swift; sourceTree = "<group>"; };
		CC0CC87E28735677009C90C0 /* Bill.swift */ = {isa = PBXFileReference; lastKnownFileType = sourcecode.swift; path = Bill.swift; sourceTree = "<group>"; };
		CC0CC8842874AD05009C90C0 /* ButtonStyle.swift */ = {isa = PBXFileReference; lastKnownFileType = sourcecode.swift; path = ButtonStyle.swift; sourceTree = "<group>"; };
		CC20BAA428692C320071B7A6 /* SideMenuView.swift */ = {isa = PBXFileReference; lastKnownFileType = sourcecode.swift; path = SideMenuView.swift; sourceTree = "<group>"; };
		CC2D7E412872CF9D00D97641 /* SideMenuActions.swift */ = {isa = PBXFileReference; lastKnownFileType = sourcecode.swift; path = SideMenuActions.swift; sourceTree = "<group>"; };
		CC30AD8D2870685700355C1A /* AppleLoginHashing.swift */ = {isa = PBXFileReference; lastKnownFileType = sourcecode.swift; path = AppleLoginHashing.swift; sourceTree = "<group>"; };
		CC54100728657DE70026CA76 /* RoomJoinRequestView.swift */ = {isa = PBXFileReference; lastKnownFileType = sourcecode.swift; path = RoomJoinRequestView.swift; sourceTree = "<group>"; };
		CC541009286589060026CA76 /* RoomRequest.swift */ = {isa = PBXFileReference; lastKnownFileType = sourcecode.swift; path = RoomRequest.swift; sourceTree = "<group>"; };
		CC5D2656286BBEA40068800E /* RoomChatView.swift */ = {isa = PBXFileReference; lastKnownFileType = sourcecode.swift; path = RoomChatView.swift; sourceTree = "<group>"; };
		CC5D2659286BC11F0068800E /* Message.swift */ = {isa = PBXFileReference; lastKnownFileType = sourcecode.swift; path = Message.swift; sourceTree = "<group>"; };
		CC5D265B286BC1E80068800E /* MessageBubbleView.swift */ = {isa = PBXFileReference; lastKnownFileType = sourcecode.swift; path = MessageBubbleView.swift; sourceTree = "<group>"; };
		CC5D265D286BD4780068800E /* MessageField.swift */ = {isa = PBXFileReference; lastKnownFileType = sourcecode.swift; path = MessageField.swift; sourceTree = "<group>"; };
		CC5D265F286BDDBB0068800E /* MessageManager.swift */ = {isa = PBXFileReference; lastKnownFileType = sourcecode.swift; path = MessageManager.swift; sourceTree = "<group>"; };
		CC655B5C287FF0C8002B08E0 /* ItemManager.swift */ = {isa = PBXFileReference; lastKnownFileType = sourcecode.swift; path = ItemManager.swift; sourceTree = "<group>"; };
		CC6B512D2867B94C00531303 /* Launch Screen.storyboard */ = {isa = PBXFileReference; lastKnownFileType = file.storyboard; path = "Launch Screen.storyboard"; sourceTree = "<group>"; };
		CC6B512F2867E84700531303 /* RoomInviteView.swift */ = {isa = PBXFileReference; lastKnownFileType = sourcecode.swift; path = RoomInviteView.swift; sourceTree = "<group>"; };
		CC6B51312867F5D800531303 /* UserService.swift */ = {isa = PBXFileReference; lastKnownFileType = sourcecode.swift; path = UserService.swift; sourceTree = "<group>"; };
		CC6B5133286811ED00531303 /* AssetName.swift */ = {isa = PBXFileReference; lastKnownFileType = sourcecode.swift; path = AssetName.swift; sourceTree = "<group>"; };
		CC6B513528681C0100531303 /* ItemEditView.swift */ = {isa = PBXFileReference; lastKnownFileType = sourcecode.swift; path = ItemEditView.swift; sourceTree = "<group>"; };
		CC6C0D90286A159600F2011A /* GroupMemberInfoView.swift */ = {isa = PBXFileReference; lastKnownFileType = sourcecode.swift; path = GroupMemberInfoView.swift; sourceTree = "<group>"; };
		CC6C0D9E286A688900F2011A /* ProfilePageView.swift */ = {isa = PBXFileReference; lastKnownFileType = sourcecode.swift; path = ProfilePageView.swift; sourceTree = "<group>"; };
		CC6E154D28599E3100C29C45 /* GoogleService-Info.plist */ = {isa = PBXFileReference; lastKnownFileType = text.plist; path = "GoogleService-Info.plist"; sourceTree = SOURCE_ROOT; };
		CC71D7262865AEEA00E62F5B /* RoomRequestComponentView.swift */ = {isa = PBXFileReference; lastKnownFileType = sourcecode.swift; path = RoomRequestComponentView.swift; sourceTree = "<group>"; };
		CC8782C328640DAA00CDEEAB /* ItemCreateView.swift */ = {isa = PBXFileReference; lastKnownFileType = sourcecode.swift; path = ItemCreateView.swift; sourceTree = "<group>"; };
		CC9FA7A8285E9D7C00EF896D /* RoomListView.swift */ = {isa = PBXFileReference; lastKnownFileType = sourcecode.swift; path = RoomListView.swift; sourceTree = "<group>"; };
		CC9FA7AA285E9E9A00EF896D /* Room.swift */ = {isa = PBXFileReference; lastKnownFileType = sourcecode.swift; path = Room.swift; sourceTree = "<group>"; };
		CC9FA7AC285EB90800EF896D /* RoomView.swift */ = {isa = PBXFileReference; lastKnownFileType = sourcecode.swift; path = RoomView.swift; sourceTree = "<group>"; };
		CC9FA7AE285ED09000EF896D /* RoomCreateView.swift */ = {isa = PBXFileReference; lastKnownFileType = sourcecode.swift; path = RoomCreateView.swift; sourceTree = "<group>"; };
		CCA3FA56286D14030052F6B3 /* Leyaa.entitlements */ = {isa = PBXFileReference; lastKnownFileType = text.plist.entitlements; path = Leyaa.entitlements; sourceTree = "<group>"; };
		CCA3FA5A286D6FC80052F6B3 /* ForgotPasswordView.swift */ = {isa = PBXFileReference; lastKnownFileType = sourcecode.swift; path = ForgotPasswordView.swift; sourceTree = "<group>"; };
		CCA3FA5D286D71790052F6B3 /* ForgotPasswordService.swift */ = {isa = PBXFileReference; lastKnownFileType = sourcecode.swift; path = ForgotPasswordService.swift; sourceTree = "<group>"; };
		CCA3FA61286D71F50052F6B3 /* ForgotPasswordViewModel.swift */ = {isa = PBXFileReference; lastKnownFileType = sourcecode.swift; path = ForgotPasswordViewModel.swift; sourceTree = "<group>"; };
		CCA3FA68286DA2DA0052F6B3 /* Info.plist */ = {isa = PBXFileReference; lastKnownFileType = text.plist; path = Info.plist; sourceTree = "<group>"; };
		CCAF4202287A2DAA00ADAE99 /* RoomNameEditView.swift */ = {isa = PBXFileReference; lastKnownFileType = sourcecode.swift; path = RoomNameEditView.swift; sourceTree = "<group>"; };
		CCB3D46428812EA8000AAEAD /* BillManager.swift */ = {isa = PBXFileReference; lastKnownFileType = sourcecode.swift; path = BillManager.swift; sourceTree = "<group>"; };
		CCB4C39E28597A3200105C5C /* Leyaa.app */ = {isa = PBXFileReference; explicitFileType = wrapper.application; includeInIndex = 0; path = Leyaa.app; sourceTree = BUILT_PRODUCTS_DIR; };
		CCB4C3A128597A3200105C5C /* LeyaaApp.swift */ = {isa = PBXFileReference; lastKnownFileType = sourcecode.swift; path = LeyaaApp.swift; sourceTree = "<group>"; };
		CCB4C3A328597A3200105C5C /* ContentView.swift */ = {isa = PBXFileReference; lastKnownFileType = sourcecode.swift; path = ContentView.swift; sourceTree = "<group>"; };
		CCB4C3A528597A3400105C5C /* Assets.xcassets */ = {isa = PBXFileReference; lastKnownFileType = folder.assetcatalog; path = Assets.xcassets; sourceTree = "<group>"; };
		CCB4C3A828597A3400105C5C /* Preview Assets.xcassets */ = {isa = PBXFileReference; lastKnownFileType = folder.assetcatalog; path = "Preview Assets.xcassets"; sourceTree = "<group>"; };
		CCB4C3B228597B8100105C5C /* LoginView.swift */ = {isa = PBXFileReference; lastKnownFileType = sourcecode.swift; path = LoginView.swift; sourceTree = "<group>"; };
		CCB4C3B428597B8C00105C5C /* RegistrationView.swift */ = {isa = PBXFileReference; lastKnownFileType = sourcecode.swift; path = RegistrationView.swift; sourceTree = "<group>"; };
		CCB4C3B82859804C00105C5C /* RoundedShape.swift */ = {isa = PBXFileReference; lastKnownFileType = sourcecode.swift; path = RoundedShape.swift; sourceTree = "<group>"; };
		CCB4C3BA285988E600105C5C /* CustomInputField.swift */ = {isa = PBXFileReference; lastKnownFileType = sourcecode.swift; path = CustomInputField.swift; sourceTree = "<group>"; };
		CCB4C3BF28598C2500105C5C /* AuthHeaderView.swift */ = {isa = PBXFileReference; lastKnownFileType = sourcecode.swift; path = AuthHeaderView.swift; sourceTree = "<group>"; };
		CCBA416B285FC1F6000B3FE7 /* ItemView.swift */ = {isa = PBXFileReference; lastKnownFileType = sourcecode.swift; path = ItemView.swift; sourceTree = "<group>"; };
		CCBA416F28601E53000B3FE7 /* Item.swift */ = {isa = PBXFileReference; lastKnownFileType = sourcecode.swift; path = Item.swift; sourceTree = "<group>"; };
		CCBEC8122874BA6200D78CE1 /* BillContributorView.swift */ = {isa = PBXFileReference; lastKnownFileType = sourcecode.swift; path = BillContributorView.swift; sourceTree = "<group>"; };
		CCBEC816287502C000D78CE1 /* DetailedBillView.swift */ = {isa = PBXFileReference; lastKnownFileType = sourcecode.swift; path = DetailedBillView.swift; sourceTree = "<group>"; };
		CCBEC81828750E1600D78CE1 /* UnitBill.swift */ = {isa = PBXFileReference; lastKnownFileType = sourcecode.swift; path = UnitBill.swift; sourceTree = "<group>"; };
		CCC655ED28605B24005D7D93 /* ItemSearchView.swift */ = {isa = PBXFileReference; lastKnownFileType = sourcecode.swift; path = ItemSearchView.swift; sourceTree = "<group>"; };
		CCE4E81C286E91670026265E /* FreshCheckReminder.swift */ = {isa = PBXFileReference; lastKnownFileType = sourcecode.swift; path = FreshCheckReminder.swift; sourceTree = "<group>"; };
		CCE52958287BDF31005C173C /* NotificationBanner.swift */ = {isa = PBXFileReference; lastKnownFileType = sourcecode.swift; path = NotificationBanner.swift; sourceTree = "<group>"; };
		CCE5295B287BE93E005C173C /* payloadNotification.swift */ = {isa = PBXFileReference; lastKnownFileType = sourcecode.swift; path = payloadNotification.swift; sourceTree = "<group>"; };
		CCE52961287D041F005C173C /* secretKey.swift */ = {isa = PBXFileReference; lastKnownFileType = sourcecode.swift; path = secretKey.swift; sourceTree = "<group>"; };
		CCE52963287D2916005C173C /* PendingReminderView.swift */ = {isa = PBXFileReference; lastKnownFileType = sourcecode.swift; path = PendingReminderView.swift; sourceTree = "<group>"; };
		CCE52965287D2AB9005C173C /* PendingReminder.swift */ = {isa = PBXFileReference; lastKnownFileType = sourcecode.swift; path = PendingReminder.swift; sourceTree = "<group>"; };
		CCE52967287D4818005C173C /* PRCard.swift */ = {isa = PBXFileReference; lastKnownFileType = sourcecode.swift; path = PRCard.swift; sourceTree = "<group>"; };
		CCE52969287D53CE005C173C /* PRManager.swift */ = {isa = PBXFileReference; lastKnownFileType = sourcecode.swift; path = PRManager.swift; sourceTree = "<group>"; };
		CCFA96A9285A4EED0083D925 /* AuthViewModel.swift */ = {isa = PBXFileReference; lastKnownFileType = sourcecode.swift; path = AuthViewModel.swift; sourceTree = "<group>"; };
		CCFA96B1285A61130083D925 /* RoomListComponent.swift */ = {isa = PBXFileReference; lastKnownFileType = sourcecode.swift; path = RoomListComponent.swift; sourceTree = "<group>"; };
		CCFA96B7285A6B790083D925 /* User.swift */ = {isa = PBXFileReference; lastKnownFileType = sourcecode.swift; path = User.swift; sourceTree = "<group>"; };
		CCFFA4CC286FE31A005332E1 /* PushNotificationService.swift */ = {isa = PBXFileReference; lastKnownFileType = sourcecode.swift; path = PushNotificationService.swift; sourceTree = "<group>"; };
/* End PBXFileReference section */

/* Begin PBXFrameworksBuildPhase section */
		CCB4C39B28597A3200105C5C /* Frameworks */ = {
			isa = PBXFrameworksBuildPhase;
			buildActionMask = 2147483647;
			files = (
				CC655B47287FEEC0002B08E0 /* FirebaseMessaging in Frameworks */,
				CC655B45287FEEC0002B08E0 /* FirebaseFirestoreSwift in Frameworks */,
				CC655B3F287FEEC0002B08E0 /* FirebaseAnalytics in Frameworks */,
				CC655B43287FEEC0002B08E0 /* FirebaseFirestore in Frameworks */,
				CC655B5B287FEF06002B08E0 /* FirebaseAnalyticsSwift in Frameworks */,
				CC655B49287FEEC0002B08E0 /* FirebaseStorage in Frameworks */,
				CC655B41287FEEC0002B08E0 /* FirebaseAuth in Frameworks */,
				CC655B3C287FEE33002B08E0 /* NotificationBannerSwift in Frameworks */,
			);
			runOnlyForDeploymentPostprocessing = 0;
		};
/* End PBXFrameworksBuildPhase section */

/* Begin PBXGroup section */
		CC0CC8792872F8F9009C90C0 /* Split Bill */ = {
			isa = PBXGroup;
			children = (
				CC0CC8772872F8F4009C90C0 /* SplitBillView.swift */,
				CC0CC87A2872FE13009C90C0 /* BillCreateView.swift */,
				CC0CC87C287310CF009C90C0 /* MemberPaymentSliderView.swift */,
				CCBEC8122874BA6200D78CE1 /* BillContributorView.swift */,
				CCBEC816287502C000D78CE1 /* DetailedBillView.swift */,
				CCBEC81828750E1600D78CE1 /* UnitBill.swift */,
				CCB3D46428812EA8000AAEAD /* BillManager.swift */,
			);
			path = "Split Bill";
			sourceTree = "<group>";
		};
		CC0CC88028748234009C90C0 /* Frameworks */ = {
			isa = PBXGroup;
			children = (
			);
			name = Frameworks;
			sourceTree = "<group>";
		};
		CC0CC8812874ACC1009C90C0 /* FreshnessCheck */ = {
			isa = PBXGroup;
			children = (
				CCE4E81C286E91670026265E /* FreshCheckReminder.swift */,
				CCE52963287D2916005C173C /* PendingReminderView.swift */,
				CCE52967287D4818005C173C /* PRCard.swift */,
				CCE52969287D53CE005C173C /* PRManager.swift */,
			);
			path = FreshnessCheck;
			sourceTree = "<group>";
		};
		CC0CC8822874ACD3009C90C0 /* Room Chat */ = {
			isa = PBXGroup;
			children = (
				CC5D2656286BBEA40068800E /* RoomChatView.swift */,
			);
			path = "Room Chat";
			sourceTree = "<group>";
		};
		CC0CC8832874ACF5009C90C0 /* Style */ = {
			isa = PBXGroup;
			children = (
				CC0CC8842874AD05009C90C0 /* ButtonStyle.swift */,
			);
			path = Style;
			sourceTree = "<group>";
		};
		CC14C73B285AFE5B0077510E /* Room */ = {
			isa = PBXGroup;
			children = (
				CC734DC5287FD9AF00EFE6CD /* Room Core */,
				CC71D7232865AE6200E62F5B /* RoomJoinRequest */,
				CC6C0D822869E53F00F2011A /* Room List */,
				CC0CC8822874ACD3009C90C0 /* Room Chat */,
				CC0CC8792872F8F9009C90C0 /* Split Bill */,
			);
			path = Room;
			sourceTree = "<group>";
		};
		CC20BAA328692C230071B7A6 /* Sidebar Menu */ = {
			isa = PBXGroup;
			children = (
				CC20BAA428692C320071B7A6 /* SideMenuView.swift */,
				CC6C0D90286A159600F2011A /* GroupMemberInfoView.swift */,
				CC2D7E412872CF9D00D97641 /* SideMenuActions.swift */,
			);
			path = "Sidebar Menu";
			sourceTree = "<group>";
		};
		CC5D2658286BC0BF0068800E /* Chat */ = {
			isa = PBXGroup;
			children = (
				CC5D265B286BC1E80068800E /* MessageBubbleView.swift */,
				CC5D265D286BD4780068800E /* MessageField.swift */,
			);
			path = Chat;
			sourceTree = "<group>";
		};
		CC6013142863199200535994 /* Services */ = {
			isa = PBXGroup;
			children = (
				CCE5295F287BF01C005C173C /* Managers */,
				CCE52960287BF028005C173C /* Massage Item Name */,
				CCE52957287BDEEB005C173C /* Notification */,
				CCE5295A287BE74D005C173C /* Apple Login */,
			);
			path = Services;
			sourceTree = "<group>";
		};
		CC6C0D822869E53F00F2011A /* Room List */ = {
			isa = PBXGroup;
			children = (
				CCFA96B1285A61130083D925 /* RoomListComponent.swift */,
				CC9FA7A8285E9D7C00EF896D /* RoomListView.swift */,
			);
			path = "Room List";
			sourceTree = "<group>";
		};
		CC6E15592859A03F00C29C45 /* App */ = {
			isa = PBXGroup;
			children = (
				CCB4C3A128597A3200105C5C /* LeyaaApp.swift */,
				CCB4C3A328597A3200105C5C /* ContentView.swift */,
				CC6C0D9E286A688900F2011A /* ProfilePageView.swift */,
			);
			path = App;
			sourceTree = "<group>";
		};
		CC71D7232865AE6200E62F5B /* RoomJoinRequest */ = {
			isa = PBXGroup;
			children = (
				CC54100728657DE70026CA76 /* RoomJoinRequestView.swift */,
				CC71D7262865AEEA00E62F5B /* RoomRequestComponentView.swift */,
				CC6B512F2867E84700531303 /* RoomInviteView.swift */,
			);
			path = RoomJoinRequest;
			sourceTree = "<group>";
		};
		CC734DC5287FD9AF00EFE6CD /* Room Core */ = {
			isa = PBXGroup;
			children = (
				CC9FA7AC285EB90800EF896D /* RoomView.swift */,
				CC9FA7AE285ED09000EF896D /* RoomCreateView.swift */,
				CCAF4202287A2DAA00ADAE99 /* RoomNameEditView.swift */,
			);
			path = "Room Core";
			sourceTree = "<group>";
		};
		CCA3FA59286D6FA60052F6B3 /* ForgotPassword */ = {
			isa = PBXGroup;
			children = (
				CCA3FA60286D71E20052F6B3 /* ViewModel */,
				CCA3FA5C286D71660052F6B3 /* Service */,
				CCA3FA5F286D718E0052F6B3 /* View */,
			);
			path = ForgotPassword;
			sourceTree = "<group>";
		};
		CCA3FA5C286D71660052F6B3 /* Service */ = {
			isa = PBXGroup;
			children = (
				CCA3FA5D286D71790052F6B3 /* ForgotPasswordService.swift */,
			);
			path = Service;
			sourceTree = "<group>";
		};
		CCA3FA5F286D718E0052F6B3 /* View */ = {
			isa = PBXGroup;
			children = (
				CCA3FA5A286D6FC80052F6B3 /* ForgotPasswordView.swift */,
			);
			path = View;
			sourceTree = "<group>";
		};
		CCA3FA60286D71E20052F6B3 /* ViewModel */ = {
			isa = PBXGroup;
			children = (
				CCA3FA61286D71F50052F6B3 /* ForgotPasswordViewModel.swift */,
			);
			path = ViewModel;
			sourceTree = "<group>";
		};
		CCB4C39528597A3200105C5C = {
			isa = PBXGroup;
			children = (
				CCB4C3A028597A3200105C5C /* Leyaa */,
				CCB4C39F28597A3200105C5C /* Products */,
				CC0CC88028748234009C90C0 /* Frameworks */,
			);
			sourceTree = "<group>";
		};
		CCB4C39F28597A3200105C5C /* Products */ = {
			isa = PBXGroup;
			children = (
				CCB4C39E28597A3200105C5C /* Leyaa.app */,
			);
			name = Products;
			sourceTree = "<group>";
		};
		CCB4C3A028597A3200105C5C /* Leyaa */ = {
			isa = PBXGroup;
			children = (
				CCA3FA68286DA2DA0052F6B3 /* Info.plist */,
				CCA3FA56286D14030052F6B3 /* Leyaa.entitlements */,
				CC6013142863199200535994 /* Services */,
				CCFA96B6285A6B6E0083D925 /* Model */,
				CCB4C3B028597B6300105C5C /* Components */,
				CCB4C3AF28597B5800105C5C /* Views */,
				CC6B512D2867B94C00531303 /* Launch Screen.storyboard */,
				CCB4C3A528597A3400105C5C /* Assets.xcassets */,
				CC6E154D28599E3100C29C45 /* GoogleService-Info.plist */,
				CCB4C3A728597A3400105C5C /* Preview Content */,
			);
			path = Leyaa;
			sourceTree = "<group>";
		};
		CCB4C3A728597A3400105C5C /* Preview Content */ = {
			isa = PBXGroup;
			children = (
				CCB4C3A828597A3400105C5C /* Preview Assets.xcassets */,
			);
			path = "Preview Content";
			sourceTree = "<group>";
		};
		CCB4C3AF28597B5800105C5C /* Views */ = {
			isa = PBXGroup;
			children = (
				CC0CC8812874ACC1009C90C0 /* FreshnessCheck */,
				CCA3FA59286D6FA60052F6B3 /* ForgotPassword */,
				CC6E15592859A03F00C29C45 /* App */,
				CCB4C3B128597B7500105C5C /* Authentication */,
			);
			path = Views;
			sourceTree = "<group>";
		};
		CCB4C3B028597B6300105C5C /* Components */ = {
			isa = PBXGroup;
			children = (
				CC0CC8832874ACF5009C90C0 /* Style */,
				CC5D2658286BC0BF0068800E /* Chat */,
				CC20BAA328692C230071B7A6 /* Sidebar Menu */,
				CCBA416A285FC1E0000B3FE7 /* Items */,
				CCB4C3BC28598BF600105C5C /* Authentitcation */,
				CC14C73B285AFE5B0077510E /* Room */,
			);
			path = Components;
			sourceTree = "<group>";
		};
		CCB4C3B128597B7500105C5C /* Authentication */ = {
			isa = PBXGroup;
			children = (
				CCB4C3B228597B8100105C5C /* LoginView.swift */,
				CCB4C3B428597B8C00105C5C /* RegistrationView.swift */,
			);
			path = Authentication;
			sourceTree = "<group>";
		};
		CCB4C3BC28598BF600105C5C /* Authentitcation */ = {
			isa = PBXGroup;
			children = (
				CCFA96B5285A68C70083D925 /* InputField */,
				CCB4C3B82859804C00105C5C /* RoundedShape.swift */,
				CCB4C3BF28598C2500105C5C /* AuthHeaderView.swift */,
			);
			path = Authentitcation;
			sourceTree = "<group>";
		};
		CCBA416A285FC1E0000B3FE7 /* Items */ = {
			isa = PBXGroup;
			children = (
				CCBA416B285FC1F6000B3FE7 /* ItemView.swift */,
				CCC655ED28605B24005D7D93 /* ItemSearchView.swift */,
				CC6B513528681C0100531303 /* ItemEditView.swift */,
				CC8782C328640DAA00CDEEAB /* ItemCreateView.swift */,
				CC655B5C287FF0C8002B08E0 /* ItemManager.swift */,
			);
			path = Items;
			sourceTree = "<group>";
		};
		CCE52953287BD883005C173C /* Data Model */ = {
			isa = PBXGroup;
			children = (
				CCFA96B7285A6B790083D925 /* User.swift */,
				CC9FA7AA285E9E9A00EF896D /* Room.swift */,
				CCBA416F28601E53000B3FE7 /* Item.swift */,
				CC541009286589060026CA76 /* RoomRequest.swift */,
				CC5D2659286BC11F0068800E /* Message.swift */,
				CC0CC87E28735677009C90C0 /* Bill.swift */,
				CCE52965287D2AB9005C173C /* PendingReminder.swift */,
			);
			path = "Data Model";
			sourceTree = "<group>";
		};
		CCE52954287BD898005C173C /* Constants */ = {
			isa = PBXGroup;
			children = (
				CC6B5133286811ED00531303 /* AssetName.swift */,
				CCE52961287D041F005C173C /* secretKey.swift */,
			);
			name = Constants;
			sourceTree = "<group>";
		};
		CCE52957287BDEEB005C173C /* Notification */ = {
			isa = PBXGroup;
			children = (
				CCFFA4CC286FE31A005332E1 /* PushNotificationService.swift */,
				CCE52958287BDF31005C173C /* NotificationBanner.swift */,
				CCE5295B287BE93E005C173C /* payloadNotification.swift */,
			);
			path = Notification;
			sourceTree = "<group>";
		};
		CCE5295A287BE74D005C173C /* Apple Login */ = {
			isa = PBXGroup;
			children = (
				CC30AD8D2870685700355C1A /* AppleLoginHashing.swift */,
			);
			path = "Apple Login";
			sourceTree = "<group>";
		};
		CCE5295F287BF01C005C173C /* Managers */ = {
			isa = PBXGroup;
			children = (
				CCFA96A9285A4EED0083D925 /* AuthViewModel.swift */,
				CC6B51312867F5D800531303 /* UserService.swift */,
				CC5D265F286BDDBB0068800E /* MessageManager.swift */,
			);
			path = Managers;
			sourceTree = "<group>";
		};
		CCE52960287BF028005C173C /* Massage Item Name */ = {
			isa = PBXGroup;
			children = (
				CC07DB882865644B0000265C /* SanitizeItemName.swift */,
			);
			path = "Massage Item Name";
			sourceTree = "<group>";
		};
		CCFA96B5285A68C70083D925 /* InputField */ = {
			isa = PBXGroup;
			children = (
				CCB4C3BA285988E600105C5C /* CustomInputField.swift */,
			);
			path = InputField;
			sourceTree = "<group>";
		};
		CCFA96B6285A6B6E0083D925 /* Model */ = {
			isa = PBXGroup;
			children = (
				CCE52954287BD898005C173C /* Constants */,
				CCE52953287BD883005C173C /* Data Model */,
			);
			path = Model;
			sourceTree = "<group>";
		};
/* End PBXGroup section */

/* Begin PBXNativeTarget section */
		CCB4C39D28597A3200105C5C /* Leyaa */ = {
			isa = PBXNativeTarget;
			buildConfigurationList = CCB4C3AC28597A3400105C5C /* Build configuration list for PBXNativeTarget "Leyaa" */;
			buildPhases = (
				CCB4C39A28597A3200105C5C /* Sources */,
				CCB4C39B28597A3200105C5C /* Frameworks */,
				CCB4C39C28597A3200105C5C /* Resources */,
				CC5C97FC286F08EA00D635B2 /* Embed App Extensions */,
			);
			buildRules = (
			);
			dependencies = (
				CC655B4B287FEEEF002B08E0 /* PBXTargetDependency */,
				CC655B4D287FEEEF002B08E0 /* PBXTargetDependency */,
				CC655B4F287FEEEF002B08E0 /* PBXTargetDependency */,
				CC655B51287FEEEF002B08E0 /* PBXTargetDependency */,
				CC655B53287FEEEF002B08E0 /* PBXTargetDependency */,
				CC655B55287FEEEF002B08E0 /* PBXTargetDependency */,
				CC655B57287FEEEF002B08E0 /* PBXTargetDependency */,
				CC655B59287FEEEF002B08E0 /* PBXTargetDependency */,
			);
			name = Leyaa;
			packageProductDependencies = (
				CC655B3B287FEE33002B08E0 /* NotificationBannerSwift */,
				CC655B3E287FEEC0002B08E0 /* FirebaseAnalytics */,
				CC655B40287FEEC0002B08E0 /* FirebaseAuth */,
				CC655B42287FEEC0002B08E0 /* FirebaseFirestore */,
				CC655B44287FEEC0002B08E0 /* FirebaseFirestoreSwift */,
				CC655B46287FEEC0002B08E0 /* FirebaseMessaging */,
				CC655B48287FEEC0002B08E0 /* FirebaseStorage */,
				CC655B5A287FEF06002B08E0 /* FirebaseAnalyticsSwift */,
			);
			productName = Leyaa;
			productReference = CCB4C39E28597A3200105C5C /* Leyaa.app */;
			productType = "com.apple.product-type.application";
		};
/* End PBXNativeTarget section */

/* Begin PBXProject section */
		CCB4C39628597A3200105C5C /* Project object */ = {
			isa = PBXProject;
			attributes = {
				BuildIndependentTargetsInParallel = 1;
				LastSwiftUpdateCheck = 1340;
				LastUpgradeCheck = 1340;
				TargetAttributes = {
					CCB4C39D28597A3200105C5C = {
						CreatedOnToolsVersion = 13.4.1;
					};
				};
			};
			buildConfigurationList = CCB4C39928597A3200105C5C /* Build configuration list for PBXProject "Leyaa" */;
			compatibilityVersion = "Xcode 13.0";
			developmentRegion = en;
			hasScannedForEncodings = 0;
			knownRegions = (
				en,
				Base,
			);
			mainGroup = CCB4C39528597A3200105C5C;
			packageReferences = (
				CC655B3A287FEE33002B08E0 /* XCRemoteSwiftPackageReference "NotificationBanner" */,
				CC655B3D287FEEC0002B08E0 /* XCRemoteSwiftPackageReference "firebase-ios-sdk" */,
			);
			productRefGroup = CCB4C39F28597A3200105C5C /* Products */;
			projectDirPath = "";
			projectRoot = "";
			targets = (
				CCB4C39D28597A3200105C5C /* Leyaa */,
			);
		};
/* End PBXProject section */

/* Begin PBXResourcesBuildPhase section */
		CCB4C39C28597A3200105C5C /* Resources */ = {
			isa = PBXResourcesBuildPhase;
			buildActionMask = 2147483647;
			files = (
				CCB4C3A928597A3400105C5C /* Preview Assets.xcassets in Resources */,
				CCB4C3A628597A3400105C5C /* Assets.xcassets in Resources */,
				CC6B512E2867B94C00531303 /* Launch Screen.storyboard in Resources */,
				CC6E154E28599E3100C29C45 /* GoogleService-Info.plist in Resources */,
			);
			runOnlyForDeploymentPostprocessing = 0;
		};
/* End PBXResourcesBuildPhase section */

/* Begin PBXSourcesBuildPhase section */
		CCB4C39A28597A3200105C5C /* Sources */ = {
			isa = PBXSourcesBuildPhase;
			buildActionMask = 2147483647;
			files = (
				CC6B51322867F5D800531303 /* UserService.swift in Sources */,
				CC5D2657286BBEA40068800E /* RoomChatView.swift in Sources */,
				CCBA417028601E53000B3FE7 /* Item.swift in Sources */,
				CC0CC87B2872FE13009C90C0 /* BillCreateView.swift in Sources */,
				CC6C0D9F286A688900F2011A /* ProfilePageView.swift in Sources */,
				CC0CC8782872F8F4009C90C0 /* SplitBillView.swift in Sources */,
				CC5D265C286BC1E80068800E /* MessageBubbleView.swift in Sources */,
				CCE52962287D041F005C173C /* secretKey.swift in Sources */,
				CCE52964287D2916005C173C /* PendingReminderView.swift in Sources */,
				CCC655EE28605B24005D7D93 /* ItemSearchView.swift in Sources */,
				CC655B5D287FF0C8002B08E0 /* ItemManager.swift in Sources */,
				CC20BAA528692C320071B7A6 /* SideMenuView.swift in Sources */,
				CC5D265A286BC11F0068800E /* Message.swift in Sources */,
				CCA3FA62286D71F50052F6B3 /* ForgotPasswordViewModel.swift in Sources */,
				CCB4C3B92859804C00105C5C /* RoundedShape.swift in Sources */,
				CC0CC87D287310CF009C90C0 /* MemberPaymentSliderView.swift in Sources */,
				CCBEC81928750E1600D78CE1 /* UnitBill.swift in Sources */,
				CCBEC8132874BA6200D78CE1 /* BillContributorView.swift in Sources */,
				CCB4C3B328597B8100105C5C /* LoginView.swift in Sources */,
				CCBEC817287502C000D78CE1 /* DetailedBillView.swift in Sources */,
				CC2D7E422872CF9D00D97641 /* SideMenuActions.swift in Sources */,
				CC9FA7AD285EB90800EF896D /* RoomView.swift in Sources */,
				CC0CC87F28735677009C90C0 /* Bill.swift in Sources */,
				CCB3D46528812EA8000AAEAD /* BillManager.swift in Sources */,
				CCBA416C285FC1F6000B3FE7 /* ItemView.swift in Sources */,
				CC9FA7AF285ED09000EF896D /* RoomCreateView.swift in Sources */,
				CCB4C3C028598C2500105C5C /* AuthHeaderView.swift in Sources */,
				CC30AD8E2870685700355C1A /* AppleLoginHashing.swift in Sources */,
				CCFA96B8285A6B790083D925 /* User.swift in Sources */,
				CCB4C3A428597A3200105C5C /* ContentView.swift in Sources */,
				CCE52959287BDF31005C173C /* NotificationBanner.swift in Sources */,
				CCFA96AA285A4EED0083D925 /* AuthViewModel.swift in Sources */,
				CCFFA4CD286FE31A005332E1 /* PushNotificationService.swift in Sources */,
				CCB4C3A228597A3200105C5C /* LeyaaApp.swift in Sources */,
				CC5D265E286BD4780068800E /* MessageField.swift in Sources */,
				CC0CC8852874AD05009C90C0 /* ButtonStyle.swift in Sources */,
				CCE52968287D4818005C173C /* PRCard.swift in Sources */,
				CC54100828657DE70026CA76 /* RoomJoinRequestView.swift in Sources */,
				CCFA96B2285A61130083D925 /* RoomListComponent.swift in Sources */,
				CC5D2660286BDDBB0068800E /* MessageManager.swift in Sources */,
				CC07DB892865644B0000265C /* SanitizeItemName.swift in Sources */,
				CC6B513628681C0100531303 /* ItemEditView.swift in Sources */,
				CCB4C3BB285988E600105C5C /* CustomInputField.swift in Sources */,
				CC6B5134286811ED00531303 /* AssetName.swift in Sources */,
				CC9FA7A9285E9D7C00EF896D /* RoomListView.swift in Sources */,
				CC9FA7AB285E9E9A00EF896D /* Room.swift in Sources */,
				CCAF4203287A2DAA00ADAE99 /* RoomNameEditView.swift in Sources */,
				CC71D7272865AEEA00E62F5B /* RoomRequestComponentView.swift in Sources */,
				CC8782C428640DAA00CDEEAB /* ItemCreateView.swift in Sources */,
				CCE4E81D286E91670026265E /* FreshCheckReminder.swift in Sources */,
				CCE5296A287D53CE005C173C /* PRManager.swift in Sources */,
				CC6C0D91286A159600F2011A /* GroupMemberInfoView.swift in Sources */,
				CCA3FA5B286D6FC80052F6B3 /* ForgotPasswordView.swift in Sources */,
				CCA3FA5E286D71790052F6B3 /* ForgotPasswordService.swift in Sources */,
				CCE52966287D2AB9005C173C /* PendingReminder.swift in Sources */,
				CC6B51302867E84700531303 /* RoomInviteView.swift in Sources */,
				CCE5295C287BE93E005C173C /* payloadNotification.swift in Sources */,
				CC54100A286589060026CA76 /* RoomRequest.swift in Sources */,
				CCB4C3B528597B8C00105C5C /* RegistrationView.swift in Sources */,
			);
			runOnlyForDeploymentPostprocessing = 0;
		};
/* End PBXSourcesBuildPhase section */

/* Begin PBXTargetDependency section */
		CC655B4B287FEEEF002B08E0 /* PBXTargetDependency */ = {
			isa = PBXTargetDependency;
			productRef = CC655B4A287FEEEF002B08E0 /* NotificationBannerSwift */;
		};
		CC655B4D287FEEEF002B08E0 /* PBXTargetDependency */ = {
			isa = PBXTargetDependency;
			productRef = CC655B4C287FEEEF002B08E0 /* FirebaseAnalytics */;
		};
		CC655B4F287FEEEF002B08E0 /* PBXTargetDependency */ = {
			isa = PBXTargetDependency;
			productRef = CC655B4E287FEEEF002B08E0 /* FirebaseAnalyticsSwift */;
		};
		CC655B51287FEEEF002B08E0 /* PBXTargetDependency */ = {
			isa = PBXTargetDependency;
			productRef = CC655B50287FEEEF002B08E0 /* FirebaseAuth */;
		};
		CC655B53287FEEEF002B08E0 /* PBXTargetDependency */ = {
			isa = PBXTargetDependency;
			productRef = CC655B52287FEEEF002B08E0 /* FirebaseFirestore */;
		};
		CC655B55287FEEEF002B08E0 /* PBXTargetDependency */ = {
			isa = PBXTargetDependency;
			productRef = CC655B54287FEEEF002B08E0 /* FirebaseFirestoreSwift */;
		};
		CC655B57287FEEEF002B08E0 /* PBXTargetDependency */ = {
			isa = PBXTargetDependency;
			productRef = CC655B56287FEEEF002B08E0 /* FirebaseMessaging */;
		};
		CC655B59287FEEEF002B08E0 /* PBXTargetDependency */ = {
			isa = PBXTargetDependency;
			productRef = CC655B58287FEEEF002B08E0 /* FirebaseStorage */;
		};
/* End PBXTargetDependency section */

/* Begin XCBuildConfiguration section */
		CCB4C3AA28597A3400105C5C /* Debug */ = {
			isa = XCBuildConfiguration;
			buildSettings = {
				ALWAYS_SEARCH_USER_PATHS = NO;
				CLANG_ANALYZER_NONNULL = YES;
				CLANG_ANALYZER_NUMBER_OBJECT_CONVERSION = YES_AGGRESSIVE;
				CLANG_CXX_LANGUAGE_STANDARD = "gnu++17";
				CLANG_ENABLE_MODULES = YES;
				CLANG_ENABLE_OBJC_ARC = YES;
				CLANG_ENABLE_OBJC_WEAK = YES;
				CLANG_WARN_BLOCK_CAPTURE_AUTORELEASING = YES;
				CLANG_WARN_BOOL_CONVERSION = YES;
				CLANG_WARN_COMMA = YES;
				CLANG_WARN_CONSTANT_CONVERSION = YES;
				CLANG_WARN_DEPRECATED_OBJC_IMPLEMENTATIONS = YES;
				CLANG_WARN_DIRECT_OBJC_ISA_USAGE = YES_ERROR;
				CLANG_WARN_DOCUMENTATION_COMMENTS = YES;
				CLANG_WARN_EMPTY_BODY = YES;
				CLANG_WARN_ENUM_CONVERSION = YES;
				CLANG_WARN_INFINITE_RECURSION = YES;
				CLANG_WARN_INT_CONVERSION = YES;
				CLANG_WARN_NON_LITERAL_NULL_CONVERSION = YES;
				CLANG_WARN_OBJC_IMPLICIT_RETAIN_SELF = YES;
				CLANG_WARN_OBJC_LITERAL_CONVERSION = YES;
				CLANG_WARN_OBJC_ROOT_CLASS = YES_ERROR;
				CLANG_WARN_QUOTED_INCLUDE_IN_FRAMEWORK_HEADER = YES;
				CLANG_WARN_RANGE_LOOP_ANALYSIS = YES;
				CLANG_WARN_STRICT_PROTOTYPES = YES;
				CLANG_WARN_SUSPICIOUS_MOVE = YES;
				CLANG_WARN_UNGUARDED_AVAILABILITY = YES_AGGRESSIVE;
				CLANG_WARN_UNREACHABLE_CODE = YES;
				CLANG_WARN__DUPLICATE_METHOD_MATCH = YES;
				COPY_PHASE_STRIP = NO;
				DEBUG_INFORMATION_FORMAT = dwarf;
				ENABLE_STRICT_OBJC_MSGSEND = YES;
				ENABLE_TESTABILITY = YES;
				EXCLUDED_ARCHS = "";
				FRAMEWORK_SEARCH_PATHS = "";
				GCC_C_LANGUAGE_STANDARD = gnu11;
				GCC_DYNAMIC_NO_PIC = NO;
				GCC_NO_COMMON_BLOCKS = YES;
				GCC_OPTIMIZATION_LEVEL = 0;
				GCC_PRECOMPILE_PREFIX_HEADER = YES;
				GCC_PREPROCESSOR_DEFINITIONS = (
					"DEBUG=1",
					"$(inherited)",
				);
				GCC_WARN_64_TO_32_BIT_CONVERSION = YES;
				GCC_WARN_ABOUT_RETURN_TYPE = YES_ERROR;
				GCC_WARN_UNDECLARED_SELECTOR = YES;
				GCC_WARN_UNINITIALIZED_AUTOS = YES_AGGRESSIVE;
				GCC_WARN_UNUSED_FUNCTION = YES;
				GCC_WARN_UNUSED_VARIABLE = YES;
				HEADER_SEARCH_PATHS = "";
				IPHONEOS_DEPLOYMENT_TARGET = 15.5;
				MTL_ENABLE_DEBUG_INFO = INCLUDE_SOURCE;
				MTL_FAST_MATH = YES;
				ONLY_ACTIVE_ARCH = YES;
				SDKROOT = iphoneos;
				SWIFT_ACTIVE_COMPILATION_CONDITIONS = DEBUG;
				SWIFT_OPTIMIZATION_LEVEL = "-Onone";
			};
			name = Debug;
		};
		CCB4C3AB28597A3400105C5C /* Release */ = {
			isa = XCBuildConfiguration;
			buildSettings = {
				ALWAYS_SEARCH_USER_PATHS = NO;
				CLANG_ANALYZER_NONNULL = YES;
				CLANG_ANALYZER_NUMBER_OBJECT_CONVERSION = YES_AGGRESSIVE;
				CLANG_CXX_LANGUAGE_STANDARD = "gnu++17";
				CLANG_ENABLE_MODULES = YES;
				CLANG_ENABLE_OBJC_ARC = YES;
				CLANG_ENABLE_OBJC_WEAK = YES;
				CLANG_WARN_BLOCK_CAPTURE_AUTORELEASING = YES;
				CLANG_WARN_BOOL_CONVERSION = YES;
				CLANG_WARN_COMMA = YES;
				CLANG_WARN_CONSTANT_CONVERSION = YES;
				CLANG_WARN_DEPRECATED_OBJC_IMPLEMENTATIONS = YES;
				CLANG_WARN_DIRECT_OBJC_ISA_USAGE = YES_ERROR;
				CLANG_WARN_DOCUMENTATION_COMMENTS = YES;
				CLANG_WARN_EMPTY_BODY = YES;
				CLANG_WARN_ENUM_CONVERSION = YES;
				CLANG_WARN_INFINITE_RECURSION = YES;
				CLANG_WARN_INT_CONVERSION = YES;
				CLANG_WARN_NON_LITERAL_NULL_CONVERSION = YES;
				CLANG_WARN_OBJC_IMPLICIT_RETAIN_SELF = YES;
				CLANG_WARN_OBJC_LITERAL_CONVERSION = YES;
				CLANG_WARN_OBJC_ROOT_CLASS = YES_ERROR;
				CLANG_WARN_QUOTED_INCLUDE_IN_FRAMEWORK_HEADER = YES;
				CLANG_WARN_RANGE_LOOP_ANALYSIS = YES;
				CLANG_WARN_STRICT_PROTOTYPES = YES;
				CLANG_WARN_SUSPICIOUS_MOVE = YES;
				CLANG_WARN_UNGUARDED_AVAILABILITY = YES_AGGRESSIVE;
				CLANG_WARN_UNREACHABLE_CODE = YES;
				CLANG_WARN__DUPLICATE_METHOD_MATCH = YES;
				COPY_PHASE_STRIP = NO;
				DEBUG_INFORMATION_FORMAT = "dwarf-with-dsym";
				ENABLE_NS_ASSERTIONS = NO;
				ENABLE_STRICT_OBJC_MSGSEND = YES;
				EXCLUDED_ARCHS = "";
				FRAMEWORK_SEARCH_PATHS = "";
				GCC_C_LANGUAGE_STANDARD = gnu11;
				GCC_NO_COMMON_BLOCKS = YES;
				GCC_PRECOMPILE_PREFIX_HEADER = YES;
				GCC_WARN_64_TO_32_BIT_CONVERSION = YES;
				GCC_WARN_ABOUT_RETURN_TYPE = YES_ERROR;
				GCC_WARN_UNDECLARED_SELECTOR = YES;
				GCC_WARN_UNINITIALIZED_AUTOS = YES_AGGRESSIVE;
				GCC_WARN_UNUSED_FUNCTION = YES;
				GCC_WARN_UNUSED_VARIABLE = YES;
				HEADER_SEARCH_PATHS = "";
				IPHONEOS_DEPLOYMENT_TARGET = 15.5;
				MTL_ENABLE_DEBUG_INFO = NO;
				MTL_FAST_MATH = YES;
				SDKROOT = iphoneos;
				SWIFT_COMPILATION_MODE = wholemodule;
				SWIFT_OPTIMIZATION_LEVEL = "-O";
				VALIDATE_PRODUCT = YES;
			};
			name = Release;
		};
		CCB4C3AD28597A3400105C5C /* Debug */ = {
			isa = XCBuildConfiguration;
			buildSettings = {
				ALWAYS_EMBED_SWIFT_STANDARD_LIBRARIES = YES;
				ASSETCATALOG_COMPILER_APPICON_NAME = AppIcon;
				ASSETCATALOG_COMPILER_GLOBAL_ACCENT_COLOR_NAME = AccentColor;
				CODE_SIGN_ENTITLEMENTS = Leyaa/Leyaa.entitlements;
				CODE_SIGN_STYLE = Automatic;
				CURRENT_PROJECT_VERSION = 7;
				DEVELOPMENT_ASSET_PATHS = "\"Leyaa/Preview Content\"";
				DEVELOPMENT_TEAM = HVX3RPDRJ7;
				ENABLE_PREVIEWS = YES;
				GENERATE_INFOPLIST_FILE = YES;
				INFOPLIST_FILE = Leyaa/Info.plist;
				INFOPLIST_KEY_UIApplicationSceneManifest_Generation = YES;
				INFOPLIST_KEY_UIApplicationSupportsIndirectInputEvents = YES;
				INFOPLIST_KEY_UILaunchScreen_Generation = YES;
				INFOPLIST_KEY_UILaunchStoryboardName = "Launch Screen";
				INFOPLIST_KEY_UISupportedInterfaceOrientations = UIInterfaceOrientationPortrait;
				INFOPLIST_KEY_UISupportedInterfaceOrientations_iPad = "UIInterfaceOrientationPortrait UIInterfaceOrientationPortraitUpsideDown";
				INFOPLIST_KEY_UISupportedInterfaceOrientations_iPhone = UIInterfaceOrientationPortrait;
				LD_RUNPATH_SEARCH_PATHS = (
					"$(inherited)",
					"@executable_path/Frameworks",
				);
				MARKETING_VERSION = 2.0.1;
				OTHER_LDFLAGS = "-ObjC";
				PRODUCT_BUNDLE_IDENTIFIER = com.yashmishra12.Leyaa;
				PRODUCT_NAME = "$(TARGET_NAME)";
				SWIFT_EMIT_LOC_STRINGS = YES;
				SWIFT_VERSION = 5.0;
				TARGETED_DEVICE_FAMILY = 1;
			};
			name = Debug;
		};
		CCB4C3AE28597A3400105C5C /* Release */ = {
			isa = XCBuildConfiguration;
			buildSettings = {
				ALWAYS_EMBED_SWIFT_STANDARD_LIBRARIES = YES;
				ASSETCATALOG_COMPILER_APPICON_NAME = AppIcon;
				ASSETCATALOG_COMPILER_GLOBAL_ACCENT_COLOR_NAME = AccentColor;
				CODE_SIGN_ENTITLEMENTS = Leyaa/Leyaa.entitlements;
				CODE_SIGN_STYLE = Automatic;
				CURRENT_PROJECT_VERSION = 7;
				DEVELOPMENT_ASSET_PATHS = "\"Leyaa/Preview Content\"";
				DEVELOPMENT_TEAM = HVX3RPDRJ7;
				ENABLE_PREVIEWS = YES;
				GENERATE_INFOPLIST_FILE = YES;
				INFOPLIST_FILE = Leyaa/Info.plist;
				INFOPLIST_KEY_UIApplicationSceneManifest_Generation = YES;
				INFOPLIST_KEY_UIApplicationSupportsIndirectInputEvents = YES;
				INFOPLIST_KEY_UILaunchScreen_Generation = YES;
				INFOPLIST_KEY_UILaunchStoryboardName = "Launch Screen";
				INFOPLIST_KEY_UISupportedInterfaceOrientations = UIInterfaceOrientationPortrait;
				INFOPLIST_KEY_UISupportedInterfaceOrientations_iPad = "UIInterfaceOrientationPortrait UIInterfaceOrientationPortraitUpsideDown";
				INFOPLIST_KEY_UISupportedInterfaceOrientations_iPhone = UIInterfaceOrientationPortrait;
				LD_RUNPATH_SEARCH_PATHS = (
					"$(inherited)",
					"@executable_path/Frameworks",
				);
				MARKETING_VERSION = 2.0.1;
				OTHER_LDFLAGS = "-ObjC";
				PRODUCT_BUNDLE_IDENTIFIER = com.yashmishra12.Leyaa;
				PRODUCT_NAME = "$(TARGET_NAME)";
				SWIFT_EMIT_LOC_STRINGS = YES;
				SWIFT_VERSION = 5.0;
				TARGETED_DEVICE_FAMILY = 1;
			};
			name = Release;
		};
/* End XCBuildConfiguration section */

/* Begin XCConfigurationList section */
		CCB4C39928597A3200105C5C /* Build configuration list for PBXProject "Leyaa" */ = {
			isa = XCConfigurationList;
			buildConfigurations = (
				CCB4C3AA28597A3400105C5C /* Debug */,
				CCB4C3AB28597A3400105C5C /* Release */,
			);
			defaultConfigurationIsVisible = 0;
			defaultConfigurationName = Release;
		};
		CCB4C3AC28597A3400105C5C /* Build configuration list for PBXNativeTarget "Leyaa" */ = {
			isa = XCConfigurationList;
			buildConfigurations = (
				CCB4C3AD28597A3400105C5C /* Debug */,
				CCB4C3AE28597A3400105C5C /* Release */,
			);
			defaultConfigurationIsVisible = 0;
			defaultConfigurationName = Release;
		};
/* End XCConfigurationList section */

/* Begin XCRemoteSwiftPackageReference section */
		CC655B3A287FEE33002B08E0 /* XCRemoteSwiftPackageReference "NotificationBanner" */ = {
			isa = XCRemoteSwiftPackageReference;
			repositoryURL = "https://github.com/Daltron/NotificationBanner";
			requirement = {
				kind = upToNextMajorVersion;
				minimumVersion = 3.1.0;
			};
		};
		CC655B3D287FEEC0002B08E0 /* XCRemoteSwiftPackageReference "firebase-ios-sdk" */ = {
			isa = XCRemoteSwiftPackageReference;
			repositoryURL = "https://github.com/firebase/firebase-ios-sdk";
			requirement = {
				kind = upToNextMajorVersion;
				minimumVersion = 9.2.0;
			};
		};
/* End XCRemoteSwiftPackageReference section */

/* Begin XCSwiftPackageProductDependency section */
		CC655B3B287FEE33002B08E0 /* NotificationBannerSwift */ = {
			isa = XCSwiftPackageProductDependency;
			package = CC655B3A287FEE33002B08E0 /* XCRemoteSwiftPackageReference "NotificationBanner" */;
			productName = NotificationBannerSwift;
		};
		CC655B3E287FEEC0002B08E0 /* FirebaseAnalytics */ = {
			isa = XCSwiftPackageProductDependency;
			package = CC655B3D287FEEC0002B08E0 /* XCRemoteSwiftPackageReference "firebase-ios-sdk" */;
			productName = FirebaseAnalytics;
		};
		CC655B40287FEEC0002B08E0 /* FirebaseAuth */ = {
			isa = XCSwiftPackageProductDependency;
			package = CC655B3D287FEEC0002B08E0 /* XCRemoteSwiftPackageReference "firebase-ios-sdk" */;
			productName = FirebaseAuth;
		};
		CC655B42287FEEC0002B08E0 /* FirebaseFirestore */ = {
			isa = XCSwiftPackageProductDependency;
			package = CC655B3D287FEEC0002B08E0 /* XCRemoteSwiftPackageReference "firebase-ios-sdk" */;
			productName = FirebaseFirestore;
		};
		CC655B44287FEEC0002B08E0 /* FirebaseFirestoreSwift */ = {
			isa = XCSwiftPackageProductDependency;
			package = CC655B3D287FEEC0002B08E0 /* XCRemoteSwiftPackageReference "firebase-ios-sdk" */;
			productName = FirebaseFirestoreSwift;
		};
		CC655B46287FEEC0002B08E0 /* FirebaseMessaging */ = {
			isa = XCSwiftPackageProductDependency;
			package = CC655B3D287FEEC0002B08E0 /* XCRemoteSwiftPackageReference "firebase-ios-sdk" */;
			productName = FirebaseMessaging;
		};
		CC655B48287FEEC0002B08E0 /* FirebaseStorage */ = {
			isa = XCSwiftPackageProductDependency;
			package = CC655B3D287FEEC0002B08E0 /* XCRemoteSwiftPackageReference "firebase-ios-sdk" */;
			productName = FirebaseStorage;
		};
		CC655B4A287FEEEF002B08E0 /* NotificationBannerSwift */ = {
			isa = XCSwiftPackageProductDependency;
			package = CC655B3A287FEE33002B08E0 /* XCRemoteSwiftPackageReference "NotificationBanner" */;
			productName = NotificationBannerSwift;
		};
		CC655B4C287FEEEF002B08E0 /* FirebaseAnalytics */ = {
			isa = XCSwiftPackageProductDependency;
			package = CC655B3D287FEEC0002B08E0 /* XCRemoteSwiftPackageReference "firebase-ios-sdk" */;
			productName = FirebaseAnalytics;
		};
		CC655B4E287FEEEF002B08E0 /* FirebaseAnalyticsSwift */ = {
			isa = XCSwiftPackageProductDependency;
			package = CC655B3D287FEEC0002B08E0 /* XCRemoteSwiftPackageReference "firebase-ios-sdk" */;
			productName = FirebaseAnalyticsSwift;
		};
		CC655B50287FEEEF002B08E0 /* FirebaseAuth */ = {
			isa = XCSwiftPackageProductDependency;
			package = CC655B3D287FEEC0002B08E0 /* XCRemoteSwiftPackageReference "firebase-ios-sdk" */;
			productName = FirebaseAuth;
		};
		CC655B52287FEEEF002B08E0 /* FirebaseFirestore */ = {
			isa = XCSwiftPackageProductDependency;
			package = CC655B3D287FEEC0002B08E0 /* XCRemoteSwiftPackageReference "firebase-ios-sdk" */;
			productName = FirebaseFirestore;
		};
		CC655B54287FEEEF002B08E0 /* FirebaseFirestoreSwift */ = {
			isa = XCSwiftPackageProductDependency;
			package = CC655B3D287FEEC0002B08E0 /* XCRemoteSwiftPackageReference "firebase-ios-sdk" */;
			productName = FirebaseFirestoreSwift;
		};
		CC655B56287FEEEF002B08E0 /* FirebaseMessaging */ = {
			isa = XCSwiftPackageProductDependency;
			package = CC655B3D287FEEC0002B08E0 /* XCRemoteSwiftPackageReference "firebase-ios-sdk" */;
			productName = FirebaseMessaging;
		};
		CC655B58287FEEEF002B08E0 /* FirebaseStorage */ = {
			isa = XCSwiftPackageProductDependency;
			package = CC655B3D287FEEC0002B08E0 /* XCRemoteSwiftPackageReference "firebase-ios-sdk" */;
			productName = FirebaseStorage;
		};
		CC655B5A287FEF06002B08E0 /* FirebaseAnalyticsSwift */ = {
			isa = XCSwiftPackageProductDependency;
			package = CC655B3D287FEEC0002B08E0 /* XCRemoteSwiftPackageReference "firebase-ios-sdk" */;
			productName = FirebaseAnalyticsSwift;
		};
/* End XCSwiftPackageProductDependency section */
	};
	rootObject = CCB4C39628597A3200105C5C /* Project object */;
}
